
Microsoft Visual Studio Solution File, Format Version 12.00
# Visual Studio Version 17
VisualStudioVersion = 17.2.32630.192
MinimumVisualStudioVersion = 10.0.40219.1
Project("{FAE04EC0-301F-11D3-BF4B-00C04F79EFBC}") = "CodeFirstileCoreVeriTabanıOlusturma", "CodeFirstileCoreVeriTabanıOlusturma\CodeFirstileCoreVeriTabanıOlusturma.csproj", "{AB140B7B-BF9C-41B8-95F6-859D2C33718D}"
EndProject
Global
	GlobalSection(SolutionConfigurationPlatforms) = preSolution
		Debug|Any CPU = Debug|Any CPU
		Release|Any CPU = Release|Any CPU
	EndGlobalSection
	GlobalSection(ProjectConfigurationPlatforms) = postSolution
		{AB140B7B-BF9C-41B8-95F6-859D2C33718D}.Debug|Any CPU.ActiveCfg = Debug|Any CPU
		{AB140B7B-BF9C-41B8-95F6-859D2C33718D}.Debug|Any CPU.Build.0 = Debug|Any CPU
		{AB140B7B-BF9C-41B8-95F6-859D2C33718D}.Release|Any CPU.ActiveCfg = Release|Any CPU
		{AB140B7B-BF9C-41B8-95F6-859D2C33718D}.Release|Any CPU.Build.0 = Release|Any CPU
	EndGlobalSection
	GlobalSection(SolutionProperties) = preSolution
		HideSolutionNode = FALSE
	EndGlobalSection
	GlobalSection(ExtensibilityGlobals) = postSolution
		SolutionGuid = {A4DB4037-E872-46BB-9015-AC1E8CA47E72}
	EndGlobalSection
EndGlobal
